
Microsoft Visual Studio Solution File, Format Version 12.00
# Visual Studio Version 16
VisualStudioVersion = 16.0.29926.136
MinimumVisualStudioVersion = 10.0.40219.1
Project("{2150E333-8FDC-42A3-9474-1A3956D46DE8}") = ".sln", ".sln", "{F9AC3DB7-598D-44CC-953B-410812A51D01}"
	ProjectSection(SolutionItems) = preProject
		.gitattributes = .gitattributes
		.gitignore = .gitignore
		version.json = version.json
	EndProjectSection
EndProject
Project("{9A19103F-16F7-4668-BE54-9A1E7A4F7556}") = "Apex.PipeEncoding", "Apex.PipeEncoding\Apex.PipeEncoding.csproj", "{87223402-18FF-4091-AEC2-71618150C93E}"
EndProject
Project("{9A19103F-16F7-4668-BE54-9A1E7A4F7556}") = "Apex.PipeEncoding.Tests", "Apex.PipeEncoding.Tests\Apex.PipeEncoding.Tests.csproj", "{D25E57AA-DA96-422C-8ADF-774AB098ECD6}"
EndProject
Project("{9A19103F-16F7-4668-BE54-9A1E7A4F7556}") = "Apex.PipeEncoding.Benchmarking", "Apex.PipeEncoding.Benchmarking\Apex.PipeEncoding.Benchmarking.csproj", "{02240A9D-D773-4257-9BCB-10247B609340}"
EndProject
Global
	GlobalSection(SolutionConfigurationPlatforms) = preSolution
		Debug|Any CPU = Debug|Any CPU
		Release|Any CPU = Release|Any CPU
	EndGlobalSection
	GlobalSection(ProjectConfigurationPlatforms) = postSolution
		{87223402-18FF-4091-AEC2-71618150C93E}.Debug|Any CPU.ActiveCfg = Debug|Any CPU
		{87223402-18FF-4091-AEC2-71618150C93E}.Debug|Any CPU.Build.0 = Debug|Any CPU
		{87223402-18FF-4091-AEC2-71618150C93E}.Release|Any CPU.ActiveCfg = Release|Any CPU
		{87223402-18FF-4091-AEC2-71618150C93E}.Release|Any CPU.Build.0 = Release|Any CPU
		{D25E57AA-DA96-422C-8ADF-774AB098ECD6}.Debug|Any CPU.ActiveCfg = Debug|Any CPU
		{D25E57AA-DA96-422C-8ADF-774AB098ECD6}.Debug|Any CPU.Build.0 = Debug|Any CPU
		{D25E57AA-DA96-422C-8ADF-774AB098ECD6}.Release|Any CPU.ActiveCfg = Release|Any CPU
		{D25E57AA-DA96-422C-8ADF-774AB098ECD6}.Release|Any CPU.Build.0 = Release|Any CPU
		{02240A9D-D773-4257-9BCB-10247B609340}.Debug|Any CPU.ActiveCfg = Debug|Any CPU
		{02240A9D-D773-4257-9BCB-10247B609340}.Debug|Any CPU.Build.0 = Debug|Any CPU
		{02240A9D-D773-4257-9BCB-10247B609340}.Release|Any CPU.ActiveCfg = Release|Any CPU
		{02240A9D-D773-4257-9BCB-10247B609340}.Release|Any CPU.Build.0 = Release|Any CPU
	EndGlobalSection
	GlobalSection(SolutionProperties) = preSolution
		HideSolutionNode = FALSE
	EndGlobalSection
	GlobalSection(ExtensibilityGlobals) = postSolution
		SolutionGuid = {D7A5C22D-055D-4B18-9FFF-9F79E39B8FA5}
	EndGlobalSection
EndGlobal
